
Microsoft Visual Studio Solution File, Format Version 12.00
# Visual Studio Version 17
VisualStudioVersion = 17.8.34330.188
MinimumVisualStudioVersion = 10.0.40219.1
Project("{FAE04EC0-301F-11D3-BF4B-00C04F79EFBC}") = "projet psi", "projet psi\projet psi.csproj", "{6B070826-3FEC-4A59-8635-1AA5C782C969}"
EndProject
Global
	GlobalSection(SolutionConfigurationPlatforms) = preSolution
		Debug|Any CPU = Debug|Any CPU
		Release|Any CPU = Release|Any CPU
	EndGlobalSection
	GlobalSection(ProjectConfigurationPlatforms) = postSolution
		{6B070826-3FEC-4A59-8635-1AA5C782C969}.Debug|Any CPU.ActiveCfg = Debug|Any CPU
		{6B070826-3FEC-4A59-8635-1AA5C782C969}.Debug|Any CPU.Build.0 = Debug|Any CPU
		{6B070826-3FEC-4A59-8635-1AA5C782C969}.Release|Any CPU.ActiveCfg = Release|Any CPU
		{6B070826-3FEC-4A59-8635-1AA5C782C969}.Release|Any CPU.Build.0 = Release|Any CPU
	EndGlobalSection
	GlobalSection(SolutionProperties) = preSolution
		HideSolutionNode = FALSE
	EndGlobalSection
	GlobalSection(ExtensibilityGlobals) = postSolution
		SolutionGuid = {DCACAE5D-8316-4635-800B-7E59A2CAB3D5}
	EndGlobalSection
EndGlobal
